
Microsoft Visual Studio Solution File, Format Version 12.00
# Visual Studio Version 16
VisualStudioVersion = 16.0.28809.33
MinimumVisualStudioVersion = 10.0.40219.1
Project("{FAE04EC0-301F-11D3-BF4B-00C04F79EFBC}") = "AppService", "AppService\AppService.csproj", "{913589AD-0D62-4DCB-BA9C-F5E287F11DA9}"
EndProject
Project("{FAE04EC0-301F-11D3-BF4B-00C04F79EFBC}") = "AppServiceUtil", "AppServiceUtil\AppServiceUtil.csproj", "{90B56096-04CE-438D-BD32-41C9209FEF42}"
EndProject
Project("{FAE04EC0-301F-11D3-BF4B-00C04F79EFBC}") = "AppInstallerService", "AppInstallerService\AppInstallerService.csproj", "{FD061D9E-CFB0-4327-9AB1-9FE89958C355}"
EndProject
Global
	GlobalSection(SolutionConfigurationPlatforms) = preSolution
		Debug|Any CPU = Debug|Any CPU
		Release|Any CPU = Release|Any CPU
	EndGlobalSection
	GlobalSection(ProjectConfigurationPlatforms) = postSolution
		{913589AD-0D62-4DCB-BA9C-F5E287F11DA9}.Debug|Any CPU.ActiveCfg = Debug|Any CPU
		{913589AD-0D62-4DCB-BA9C-F5E287F11DA9}.Debug|Any CPU.Build.0 = Debug|Any CPU
		{913589AD-0D62-4DCB-BA9C-F5E287F11DA9}.Release|Any CPU.ActiveCfg = Release|Any CPU
		{913589AD-0D62-4DCB-BA9C-F5E287F11DA9}.Release|Any CPU.Build.0 = Release|Any CPU
		{90B56096-04CE-438D-BD32-41C9209FEF42}.Debug|Any CPU.ActiveCfg = Debug|Any CPU
		{90B56096-04CE-438D-BD32-41C9209FEF42}.Debug|Any CPU.Build.0 = Debug|Any CPU
		{90B56096-04CE-438D-BD32-41C9209FEF42}.Release|Any CPU.ActiveCfg = Release|Any CPU
		{90B56096-04CE-438D-BD32-41C9209FEF42}.Release|Any CPU.Build.0 = Release|Any CPU
		{FD061D9E-CFB0-4327-9AB1-9FE89958C355}.Debug|Any CPU.ActiveCfg = Debug|Any CPU
		{FD061D9E-CFB0-4327-9AB1-9FE89958C355}.Debug|Any CPU.Build.0 = Debug|Any CPU
		{FD061D9E-CFB0-4327-9AB1-9FE89958C355}.Release|Any CPU.ActiveCfg = Release|Any CPU
		{FD061D9E-CFB0-4327-9AB1-9FE89958C355}.Release|Any CPU.Build.0 = Release|Any CPU
	EndGlobalSection
	GlobalSection(SolutionProperties) = preSolution
		HideSolutionNode = FALSE
	EndGlobalSection
	GlobalSection(ExtensibilityGlobals) = postSolution
		SolutionGuid = {F8B7A79B-8DF3-4D99-816C-2FBB58B8EE66}
	EndGlobalSection
EndGlobal
